
Microsoft Visual Studio Solution File, Format Version 12.00
# Visual Studio Version 16
VisualStudioVersion = 16.0.30907.101
MinimumVisualStudioVersion = 10.0.40219.1
Project("{8BC9CEB8-8B4A-11D0-8D11-00A0C91BC942}") = "Programming2dGame", "Programming2dGame\Programming2dGame.vcxproj", "{A4A82FD6-3DE0-4EA4-B839-FC66234B04A1}"
EndProject
Global
	GlobalSection(SolutionConfigurationPlatforms) = preSolution
		Debug|x64 = Debug|x64
		Debug|x86 = Debug|x86
		Release|x64 = Release|x64
		Release|x86 = Release|x86
	EndGlobalSection
	GlobalSection(ProjectConfigurationPlatforms) = postSolution
		{A4A82FD6-3DE0-4EA4-B839-FC66234B04A1}.Debug|x64.ActiveCfg = Debug|x64
		{A4A82FD6-3DE0-4EA4-B839-FC66234B04A1}.Debug|x64.Build.0 = Debug|x64
		{A4A82FD6-3DE0-4EA4-B839-FC66234B04A1}.Debug|x86.ActiveCfg = Debug|Win32
		{A4A82FD6-3DE0-4EA4-B839-FC66234B04A1}.Debug|x86.Build.0 = Debug|Win32
		{A4A82FD6-3DE0-4EA4-B839-FC66234B04A1}.Release|x64.ActiveCfg = Release|x64
		{A4A82FD6-3DE0-4EA4-B839-FC66234B04A1}.Release|x64.Build.0 = Release|x64
		{A4A82FD6-3DE0-4EA4-B839-FC66234B04A1}.Release|x86.ActiveCfg = Release|Win32
		{A4A82FD6-3DE0-4EA4-B839-FC66234B04A1}.Release|x86.Build.0 = Release|Win32
	EndGlobalSection
	GlobalSection(SolutionProperties) = preSolution
		HideSolutionNode = FALSE
	EndGlobalSection
	GlobalSection(ExtensibilityGlobals) = postSolution
		SolutionGuid = {F5DEF90D-E721-420E-AE83-23366D0C0015}
	EndGlobalSection
EndGlobal
